
Microsoft Visual Studio Solution File, Format Version 12.00
# Visual Studio Version 16
VisualStudioVersion = 16.0.30621.155
MinimumVisualStudioVersion = 10.0.40219.1
Project("{FAE04EC0-301F-11D3-BF4B-00C04F79EFBC}") = "HÜ11", "HÜ11\HÜ11.csproj", "{3884D18D-7EC2-4267-8B67-BA6CA706232D}"
EndProject
Project("{FAE04EC0-301F-11D3-BF4B-00C04F79EFBC}") = "11_HÜ", "11_HÜ\11_HÜ.csproj", "{1F86B79B-FACF-46BD-B40A-379AFDFD6DD7}"
EndProject
Global
	GlobalSection(SolutionConfigurationPlatforms) = preSolution
		Debug|Any CPU = Debug|Any CPU
		Release|Any CPU = Release|Any CPU
	EndGlobalSection
	GlobalSection(ProjectConfigurationPlatforms) = postSolution
		{3884D18D-7EC2-4267-8B67-BA6CA706232D}.Debug|Any CPU.ActiveCfg = Debug|Any CPU
		{3884D18D-7EC2-4267-8B67-BA6CA706232D}.Debug|Any CPU.Build.0 = Debug|Any CPU
		{3884D18D-7EC2-4267-8B67-BA6CA706232D}.Release|Any CPU.ActiveCfg = Release|Any CPU
		{3884D18D-7EC2-4267-8B67-BA6CA706232D}.Release|Any CPU.Build.0 = Release|Any CPU
		{1F86B79B-FACF-46BD-B40A-379AFDFD6DD7}.Debug|Any CPU.ActiveCfg = Debug|Any CPU
		{1F86B79B-FACF-46BD-B40A-379AFDFD6DD7}.Debug|Any CPU.Build.0 = Debug|Any CPU
		{1F86B79B-FACF-46BD-B40A-379AFDFD6DD7}.Release|Any CPU.ActiveCfg = Release|Any CPU
		{1F86B79B-FACF-46BD-B40A-379AFDFD6DD7}.Release|Any CPU.Build.0 = Release|Any CPU
	EndGlobalSection
	GlobalSection(SolutionProperties) = preSolution
		HideSolutionNode = FALSE
	EndGlobalSection
	GlobalSection(ExtensibilityGlobals) = postSolution
		SolutionGuid = {500ECB18-CB96-4DB3-A45D-3FA7BD658EC9}
	EndGlobalSection
EndGlobal
